// !$*UTF8*$!
{
	archiveVersion = 1;
	classes = {
	};
	objectVersion = 52;
	objects = {

/* Begin PBXBuildFile section */
		523D6AC529B76BE00031EA22 /* AppDelegate.swift in Sources */ = {isa = PBXBuildFile; fileRef = 523D6AC429B76BE00031EA22 /* AppDelegate.swift */; };
		523D6AC729B76BE00031EA22 /* SceneDelegate.swift in Sources */ = {isa = PBXBuildFile; fileRef = 523D6AC629B76BE00031EA22 /* SceneDelegate.swift */; };
		523D6AC929B76BE00031EA22 /* ViewController.swift in Sources */ = {isa = PBXBuildFile; fileRef = 523D6AC829B76BE00031EA22 /* ViewController.swift */; };
		523D6ACC29B76BE00031EA22 /* Main.storyboard in Resources */ = {isa = PBXBuildFile; fileRef = 523D6ACA29B76BE00031EA22 /* Main.storyboard */; };
		523D6ACE29B76BE00031EA22 /* Assets.xcassets in Resources */ = {isa = PBXBuildFile; fileRef = 523D6ACD29B76BE00031EA22 /* Assets.xcassets */; };
		523D6AD129B76BE00031EA22 /* LaunchScreen.storyboard in Resources */ = {isa = PBXBuildFile; fileRef = 523D6ACF29B76BE00031EA22 /* LaunchScreen.storyboard */; };
		6E4CEDE629BB55FD002F6B9F /* Todo.swift in Sources */ = {isa = PBXBuildFile; fileRef = 6E4CEDE529BB55FD002F6B9F /* Todo.swift */; };
		6E4CEDE829BB59CA002F6B9F /* TodolistManager.swift in Sources */ = {isa = PBXBuildFile; fileRef = 6E4CEDE729BB59CA002F6B9F /* TodolistManager.swift */; };
		6E4CEDEC29BB5CA8002F6B9F /* MyTableViewCell.swift in Sources */ = {isa = PBXBuildFile; fileRef = 6E4CEDEB29BB5CA8002F6B9F /* MyTableViewCell.swift */; };
		6E4CEDEF29BB6BCF002F6B9F /* RingPieChart.xcframework in Frameworks */ = {isa = PBXBuildFile; fileRef = 6E4CEDEE29BB6BCF002F6B9F /* RingPieChart.xcframework */; };
		6E4CEDF029BB6BCF002F6B9F /* RingPieChart.xcframework in Embed Frameworks */ = {isa = PBXBuildFile; fileRef = 6E4CEDEE29BB6BCF002F6B9F /* RingPieChart.xcframework */; settings = {ATTRIBUTES = (CodeSignOnCopy, RemoveHeadersOnCopy, ); }; };
/* End PBXBuildFile section */

/* Begin PBXCopyFilesBuildPhase section */
		6E4CEDF129BB6BCF002F6B9F /* Embed Frameworks */ = {
			isa = PBXCopyFilesBuildPhase;
			buildActionMask = 2147483647;
			dstPath = "";
			dstSubfolderSpec = 10;
			files = (
				6E4CEDF029BB6BCF002F6B9F /* RingPieChart.xcframework in Embed Frameworks */,
			);
			name = "Embed Frameworks";
			runOnlyForDeploymentPostprocessing = 0;
		};
/* End PBXCopyFilesBuildPhase section */

/* Begin PBXFileReference section */
		523D6AC129B76BE00031EA22 /* myProgress.app */ = {isa = PBXFileReference; explicitFileType = wrapper.application; includeInIndex = 0; path = myProgress.app; sourceTree = BUILT_PRODUCTS_DIR; };
		523D6AC429B76BE00031EA22 /* AppDelegate.swift */ = {isa = PBXFileReference; lastKnownFileType = sourcecode.swift; path = AppDelegate.swift; sourceTree = "<group>"; };
		523D6AC629B76BE00031EA22 /* SceneDelegate.swift */ = {isa = PBXFileReference; lastKnownFileType = sourcecode.swift; path = SceneDelegate.swift; sourceTree = "<group>"; };
		523D6AC829B76BE00031EA22 /* ViewController.swift */ = {isa = PBXFileReference; lastKnownFileType = sourcecode.swift; path = ViewController.swift; sourceTree = "<group>"; };
		523D6ACB29B76BE00031EA22 /* Base */ = {isa = PBXFileReference; lastKnownFileType = file.storyboard; name = Base; path = Base.lproj/Main.storyboard; sourceTree = "<group>"; };
		523D6ACD29B76BE00031EA22 /* Assets.xcassets */ = {isa = PBXFileReference; lastKnownFileType = folder.assetcatalog; path = Assets.xcassets; sourceTree = "<group>"; };
		523D6AD029B76BE00031EA22 /* Base */ = {isa = PBXFileReference; lastKnownFileType = file.storyboard; name = Base; path = Base.lproj/LaunchScreen.storyboard; sourceTree = "<group>"; };
		523D6AD229B76BE00031EA22 /* Info.plist */ = {isa = PBXFileReference; lastKnownFileType = text.plist.xml; path = Info.plist; sourceTree = "<group>"; };
		6E4CEDE529BB55FD002F6B9F /* Todo.swift */ = {isa = PBXFileReference; lastKnownFileType = sourcecode.swift; path = Todo.swift; sourceTree = "<group>"; };
		6E4CEDE729BB59CA002F6B9F /* TodolistManager.swift */ = {isa = PBXFileReference; lastKnownFileType = sourcecode.swift; path = TodolistManager.swift; sourceTree = "<group>"; };
		6E4CEDEB29BB5CA8002F6B9F /* MyTableViewCell.swift */ = {isa = PBXFileReference; lastKnownFileType = sourcecode.swift; path = MyTableViewCell.swift; sourceTree = "<group>"; };
		6E4CEDEE29BB6BCF002F6B9F /* RingPieChart.xcframework */ = {isa = PBXFileReference; lastKnownFileType = wrapper.xcframework; name = RingPieChart.xcframework; path = Carthage/Build/RingPieChart.xcframework; sourceTree = "<group>"; };
/* End PBXFileReference section */

/* Begin PBXFrameworksBuildPhase section */
		523D6ABE29B76BE00031EA22 /* Frameworks */ = {
			isa = PBXFrameworksBuildPhase;
			buildActionMask = 2147483647;
			files = (
				6E4CEDEF29BB6BCF002F6B9F /* RingPieChart.xcframework in Frameworks */,
			);
			runOnlyForDeploymentPostprocessing = 0;
		};
/* End PBXFrameworksBuildPhase section */

/* Begin PBXGroup section */
		523D6AB829B76BE00031EA22 = {
			isa = PBXGroup;
			children = (
				523D6AC329B76BE00031EA22 /* myProgress */,
				523D6AC229B76BE00031EA22 /* Products */,
				6E4CEDED29BB6BCF002F6B9F /* Frameworks */,
			);
			sourceTree = "<group>";
		};
		523D6AC229B76BE00031EA22 /* Products */ = {
			isa = PBXGroup;
			children = (
				523D6AC129B76BE00031EA22 /* myProgress.app */,
			);
			name = Products;
			sourceTree = "<group>";
		};
		523D6AC329B76BE00031EA22 /* myProgress */ = {
			isa = PBXGroup;
			children = (
				523D6AC429B76BE00031EA22 /* AppDelegate.swift */,
				523D6AC629B76BE00031EA22 /* SceneDelegate.swift */,
				6E4CEDE429BB55DF002F6B9F /* Models */,
				6E4CEDEA29BB5C56002F6B9F /* Views */,
				6E4CEDE929BB5C38002F6B9F /* Controllers */,
				523D6ACD29B76BE00031EA22 /* Assets.xcassets */,
				523D6ACA29B76BE00031EA22 /* Main.storyboard */,
				523D6ACF29B76BE00031EA22 /* LaunchScreen.storyboard */,
				523D6AD229B76BE00031EA22 /* Info.plist */,
			);
			path = myProgress;
			sourceTree = "<group>";
		};
		6E4CEDE429BB55DF002F6B9F /* Models */ = {
			isa = PBXGroup;
			children = (
				6E4CEDE529BB55FD002F6B9F /* Todo.swift */,
				6E4CEDE729BB59CA002F6B9F /* TodolistManager.swift */,
			);
			path = Models;
			sourceTree = "<group>";
		};
		6E4CEDE929BB5C38002F6B9F /* Controllers */ = {
			isa = PBXGroup;
			children = (
				523D6AC829B76BE00031EA22 /* ViewController.swift */,
			);
			path = Controllers;
			sourceTree = "<group>";
		};
		6E4CEDEA29BB5C56002F6B9F /* Views */ = {
			isa = PBXGroup;
			children = (
				6E4CEDEB29BB5CA8002F6B9F /* MyTableViewCell.swift */,
			);
			path = Views;
			sourceTree = "<group>";
		};
		6E4CEDED29BB6BCF002F6B9F /* Frameworks */ = {
			isa = PBXGroup;
			children = (
				6E4CEDEE29BB6BCF002F6B9F /* RingPieChart.xcframework */,
			);
			name = Frameworks;
			sourceTree = "<group>";
		};
/* End PBXGroup section */

/* Begin PBXNativeTarget section */
		523D6AC029B76BE00031EA22 /* myProgress */ = {
			isa = PBXNativeTarget;
			buildConfigurationList = 523D6AD529B76BE00031EA22 /* Build configuration list for PBXNativeTarget "myProgress" */;
			buildPhases = (
				523D6ABD29B76BE00031EA22 /* Sources */,
				523D6ABE29B76BE00031EA22 /* Frameworks */,
				523D6ABF29B76BE00031EA22 /* Resources */,
				6E4CEDF129BB6BCF002F6B9F /* Embed Frameworks */,
			);
			buildRules = (
			);
			dependencies = (
			);
			name = myProgress;
			productName = myProgress;
			productReference = 523D6AC129B76BE00031EA22 /* myProgress.app */;
			productType = "com.apple.product-type.application";
		};
/* End PBXNativeTarget section */

/* Begin PBXProject section */
		523D6AB929B76BE00031EA22 /* Project object */ = {
			isa = PBXProject;
			attributes = {
				LastSwiftUpdateCheck = 1240;
				LastUpgradeCheck = 1240;
				TargetAttributes = {
					523D6AC029B76BE00031EA22 = {
						CreatedOnToolsVersion = 12.4;
					};
				};
			};
			buildConfigurationList = 523D6ABC29B76BE00031EA22 /* Build configuration list for PBXProject "myProgress" */;
			compatibilityVersion = "Xcode 9.3";
			developmentRegion = en;
			hasScannedForEncodings = 0;
			knownRegions = (
				en,
				Base,
			);
			mainGroup = 523D6AB829B76BE00031EA22;
			productRefGroup = 523D6AC229B76BE00031EA22 /* Products */;
			projectDirPath = "";
			projectRoot = "";
			targets = (
				523D6AC029B76BE00031EA22 /* myProgress */,
			);
		};
/* End PBXProject section */

/* Begin PBXResourcesBuildPhase section */
		523D6ABF29B76BE00031EA22 /* Resources */ = {
			isa = PBXResourcesBuildPhase;
			buildActionMask = 2147483647;
			files = (
				523D6AD129B76BE00031EA22 /* LaunchScreen.storyboard in Resources */,
				523D6ACE29B76BE00031EA22 /* Assets.xcassets in Resources */,
				523D6ACC29B76BE00031EA22 /* Main.storyboard in Resources */,
			);
			runOnlyForDeploymentPostprocessing = 0;
		};
/* End PBXResourcesBuildPhase section */

/* Begin PBXSourcesBuildPhase section */
		523D6ABD29B76BE00031EA22 /* Sources */ = {
			isa = PBXSourcesBuildPhase;
			buildActionMask = 2147483647;
			files = (
				523D6AC929B76BE00031EA22 /* ViewController.swift in Sources */,
				6E4CEDE629BB55FD002F6B9F /* Todo.swift in Sources */,
				523D6AC529B76BE00031EA22 /* AppDelegate.swift in Sources */,
				523D6AC729B76BE00031EA22 /* SceneDelegate.swift in Sources */,
				6E4CEDE829BB59CA002F6B9F /* TodolistManager.swift in Sources */,
				6E4CEDEC29BB5CA8002F6B9F /* MyTableViewCell.swift in Sources */,
			);
			runOnlyForDeploymentPostprocessing = 0;
		};
/* End PBXSourcesBuildPhase section */

/* Begin PBXVariantGroup section */
		523D6ACA29B76BE00031EA22 /* Main.storyboard */ = {
			isa = PBXVariantGroup;
			children = (
				523D6ACB29B76BE00031EA22 /* Base */,
			);
			name = Main.storyboard;
			sourceTree = "<group>";
		};
		523D6ACF29B76BE00031EA22 /* LaunchScreen.storyboard */ = {
			isa = PBXVariantGroup;
			children = (
				523D6AD029B76BE00031EA22 /* Base */,
			);
			name = LaunchScreen.storyboard;
			sourceTree = "<group>";
		};
/* End PBXVariantGroup section */

/* Begin XCBuildConfiguration section */
		523D6AD329B76BE00031EA22 /* Debug */ = {
			isa = XCBuildConfiguration;
			buildSettings = {
				ALWAYS_SEARCH_USER_PATHS = NO;
				CLANG_ANALYZER_NONNULL = YES;
				CLANG_ANALYZER_NUMBER_OBJECT_CONVERSION = YES_AGGRESSIVE;
				CLANG_CXX_LANGUAGE_STANDARD = "gnu++14";
				CLANG_CXX_LIBRARY = "libc++";
				CLANG_ENABLE_MODULES = YES;
				CLANG_ENABLE_OBJC_ARC = YES;
				CLANG_ENABLE_OBJC_WEAK = YES;
				CLANG_WARN_BLOCK_CAPTURE_AUTORELEASING = YES;
				CLANG_WARN_BOOL_CONVERSION = YES;
				CLANG_WARN_COMMA = YES;
				CLANG_WARN_CONSTANT_CONVERSION = YES;
				CLANG_WARN_DEPRECATED_OBJC_IMPLEMENTATIONS = YES;
				CLANG_WARN_DIRECT_OBJC_ISA_USAGE = YES_ERROR;
				CLANG_WARN_DOCUMENTATION_COMMENTS = YES;
				CLANG_WARN_EMPTY_BODY = YES;
				CLANG_WARN_ENUM_CONVERSION = YES;
				CLANG_WARN_INFINITE_RECURSION = YES;
				CLANG_WARN_INT_CONVERSION = YES;
				CLANG_WARN_NON_LITERAL_NULL_CONVERSION = YES;
				CLANG_WARN_OBJC_IMPLICIT_RETAIN_SELF = YES;
				CLANG_WARN_OBJC_LITERAL_CONVERSION = YES;
				CLANG_WARN_OBJC_ROOT_CLASS = YES_ERROR;
				CLANG_WARN_QUOTED_INCLUDE_IN_FRAMEWORK_HEADER = YES;
				CLANG_WARN_RANGE_LOOP_ANALYSIS = YES;
				CLANG_WARN_STRICT_PROTOTYPES = YES;
				CLANG_WARN_SUSPICIOUS_MOVE = YES;
				CLANG_WARN_UNGUARDED_AVAILABILITY = YES_AGGRESSIVE;
				CLANG_WARN_UNREACHABLE_CODE = YES;
				CLANG_WARN__DUPLICATE_METHOD_MATCH = YES;
				COPY_PHASE_STRIP = NO;
				DEBUG_INFORMATION_FORMAT = dwarf;
				ENABLE_STRICT_OBJC_MSGSEND = YES;
				ENABLE_TESTABILITY = YES;
				GCC_C_LANGUAGE_STANDARD = gnu11;
				GCC_DYNAMIC_NO_PIC = NO;
				GCC_NO_COMMON_BLOCKS = YES;
				GCC_OPTIMIZATION_LEVEL = 0;
				GCC_PREPROCESSOR_DEFINITIONS = (
					"DEBUG=1",
					"$(inherited)",
				);
				GCC_WARN_64_TO_32_BIT_CONVERSION = YES;
				GCC_WARN_ABOUT_RETURN_TYPE = YES_ERROR;
				GCC_WARN_UNDECLARED_SELECTOR = YES;
				GCC_WARN_UNINITIALIZED_AUTOS = YES_AGGRESSIVE;
				GCC_WARN_UNUSED_FUNCTION = YES;
				GCC_WARN_UNUSED_VARIABLE = YES;
				IPHONEOS_DEPLOYMENT_TARGET = 14.4;
				MTL_ENABLE_DEBUG_INFO = INCLUDE_SOURCE;
				MTL_FAST_MATH = YES;
				ONLY_ACTIVE_ARCH = YES;
				SDKROOT = iphoneos;
				SWIFT_ACTIVE_COMPILATION_CONDITIONS = DEBUG;
				SWIFT_OPTIMIZATION_LEVEL = "-Onone";
			};
			name = Debug;
		};
		523D6AD429B76BE00031EA22 /* Release */ = {
			isa = XCBuildConfiguration;
			buildSettings = {
				ALWAYS_SEARCH_USER_PATHS = NO;
				CLANG_ANALYZER_NONNULL = YES;
				CLANG_ANALYZER_NUMBER_OBJECT_CONVERSION = YES_AGGRESSIVE;
				CLANG_CXX_LANGUAGE_STANDARD = "gnu++14";
				CLANG_CXX_LIBRARY = "libc++";
				CLANG_ENABLE_MODULES = YES;
				CLANG_ENABLE_OBJC_ARC = YES;
				CLANG_ENABLE_OBJC_WEAK = YES;
				CLANG_WARN_BLOCK_CAPTURE_AUTORELEASING = YES;
				CLANG_WARN_BOOL_CONVERSION = YES;
				CLANG_WARN_COMMA = YES;
				CLANG_WARN_CONSTANT_CONVERSION = YES;
				CLANG_WARN_DEPRECATED_OBJC_IMPLEMENTATIONS = YES;
				CLANG_WARN_DIRECT_OBJC_ISA_USAGE = YES_ERROR;
				CLANG_WARN_DOCUMENTATION_COMMENTS = YES;
				CLANG_WARN_EMPTY_BODY = YES;
				CLANG_WARN_ENUM_CONVERSION = YES;
				CLANG_WARN_INFINITE_RECURSION = YES;
				CLANG_WARN_INT_CONVERSION = YES;
				CLANG_WARN_NON_LITERAL_NULL_CONVERSION = YES;
				CLANG_WARN_OBJC_IMPLICIT_RETAIN_SELF = YES;
				CLANG_WARN_OBJC_LITERAL_CONVERSION = YES;
				CLANG_WARN_OBJC_ROOT_CLASS = YES_ERROR;
				CLANG_WARN_QUOTED_INCLUDE_IN_FRAMEWORK_HEADER = YES;
				CLANG_WARN_RANGE_LOOP_ANALYSIS = YES;
				CLANG_WARN_STRICT_PROTOTYPES = YES;
				CLANG_WARN_SUSPICIOUS_MOVE = YES;
				CLANG_WARN_UNGUARDED_AVAILABILITY = YES_AGGRESSIVE;
				CLANG_WARN_UNREACHABLE_CODE = YES;
				CLANG_WARN__DUPLICATE_METHOD_MATCH = YES;
				COPY_PHASE_STRIP = NO;
				DEBUG_INFORMATION_FORMAT = "dwarf-with-dsym";
				ENABLE_NS_ASSERTIONS = NO;
				ENABLE_STRICT_OBJC_MSGSEND = YES;
				GCC_C_LANGUAGE_STANDARD = gnu11;
				GCC_NO_COMMON_BLOCKS = YES;
				GCC_WARN_64_TO_32_BIT_CONVERSION = YES;
				GCC_WARN_ABOUT_RETURN_TYPE = YES_ERROR;
				GCC_WARN_UNDECLARED_SELECTOR = YES;
				GCC_WARN_UNINITIALIZED_AUTOS = YES_AGGRESSIVE;
				GCC_WARN_UNUSED_FUNCTION = YES;
				GCC_WARN_UNUSED_VARIABLE = YES;
				IPHONEOS_DEPLOYMENT_TARGET = 14.4;
				MTL_ENABLE_DEBUG_INFO = NO;
				MTL_FAST_MATH = YES;
				SDKROOT = iphoneos;
				SWIFT_COMPILATION_MODE = wholemodule;
				SWIFT_OPTIMIZATION_LEVEL = "-O";
				VALIDATE_PRODUCT = YES;
			};
			name = Release;
		};
		523D6AD629B76BE00031EA22 /* Debug */ = {
			isa = XCBuildConfiguration;
			buildSettings = {
				ASSETCATALOG_COMPILER_APPICON_NAME = AppIcon;
				ASSETCATALOG_COMPILER_GLOBAL_ACCENT_COLOR_NAME = AccentColor;
				CODE_SIGN_STYLE = Automatic;
				DEVELOPMENT_TEAM = 4RM6V6QG3H;
				INFOPLIST_FILE = myProgress/Info.plist;
				LD_RUNPATH_SEARCH_PATHS = (
					"$(inherited)",
					"@executable_path/Frameworks",
				);
				PRODUCT_BUNDLE_IDENTIFIER = theBettor.myProgress;
				PRODUCT_NAME = "$(TARGET_NAME)";
				SWIFT_VERSION = 5.0;
				TARGETED_DEVICE_FAMILY = 1;
			};
			name = Debug;
		};
		523D6AD729B76BE00031EA22 /* Release */ = {
			isa = XCBuildConfiguration;
			buildSettings = {
				ASSETCATALOG_COMPILER_APPICON_NAME = AppIcon;
				ASSETCATALOG_COMPILER_GLOBAL_ACCENT_COLOR_NAME = AccentColor;
				CODE_SIGN_STYLE = Automatic;
				DEVELOPMENT_TEAM = 4RM6V6QG3H;
				INFOPLIST_FILE = myProgress/Info.plist;
				LD_RUNPATH_SEARCH_PATHS = (
					"$(inherited)",
					"@executable_path/Frameworks",
				);
				PRODUCT_BUNDLE_IDENTIFIER = theBettor.myProgress;
				PRODUCT_NAME = "$(TARGET_NAME)";
				SWIFT_VERSION = 5.0;
				TARGETED_DEVICE_FAMILY = 1;
			};
			name = Release;
		};
/* End XCBuildConfiguration section */

/* Begin XCConfigurationList section */
		523D6ABC29B76BE00031EA22 /* Build configuration list for PBXProject "myProgress" */ = {
			isa = XCConfigurationList;
			buildConfigurations = (
				523D6AD329B76BE00031EA22 /* Debug */,
				523D6AD429B76BE00031EA22 /* Release */,
			);
			defaultConfigurationIsVisible = 0;
			defaultConfigurationName = Release;
		};
		523D6AD529B76BE00031EA22 /* Build configuration list for PBXNativeTarget "myProgress" */ = {
			isa = XCConfigurationList;
			buildConfigurations = (
				523D6AD629B76BE00031EA22 /* Debug */,
				523D6AD729B76BE00031EA22 /* Release */,
			);
			defaultConfigurationIsVisible = 0;
			defaultConfigurationName = Release;
		};
/* End XCConfigurationList section */
	};
	rootObject = 523D6AB929B76BE00031EA22 /* Project object */;
}
